// !$*UTF8*$!
{
	archiveVersion = 1;
	classes = {
	};
	objectVersion = 46;
	objects = {

/* Begin PBXBuildFile section */
		2A1786101ABD0F0C005DD654 /* LeftArrowTableViewCell.m in Sources */ = {isa = PBXBuildFile; fileRef = 2A17860E1ABD0F0C005DD654 /* LeftArrowTableViewCell.m */; };
		2A1786111ABD0F0C005DD654 /* LeftArrowTableViewCell.xib in Resources */ = {isa = PBXBuildFile; fileRef = 2A17860F1ABD0F0C005DD654 /* LeftArrowTableViewCell.xib */; };
		2A1786151ABD1472005DD654 /* img_logout.png in Resources */ = {isa = PBXBuildFile; fileRef = 2A1786141ABD1472005DD654 /* img_logout.png */; };
		2A1786191ABD14A5005DD654 /* ImageCenterTableViewCell.m in Sources */ = {isa = PBXBuildFile; fileRef = 2A1786171ABD14A5005DD654 /* ImageCenterTableViewCell.m */; };
		2A17861A1ABD14A5005DD654 /* ImageCenterTableViewCell.xib in Resources */ = {isa = PBXBuildFile; fileRef = 2A1786181ABD14A5005DD654 /* ImageCenterTableViewCell.xib */; };
		2A17861E1ABD2459005DD654 /* LeftIconCenterImageTableViewCell.m in Sources */ = {isa = PBXBuildFile; fileRef = 2A17861C1ABD2459005DD654 /* LeftIconCenterImageTableViewCell.m */; };
		2A17861F1ABD2459005DD654 /* LeftIconCenterImageTableViewCell.xib in Resources */ = {isa = PBXBuildFile; fileRef = 2A17861D1ABD2459005DD654 /* LeftIconCenterImageTableViewCell.xib */; };
		2A1786241ABD33ED005DD654 /* 01_top_removeTop.png in Resources */ = {isa = PBXBuildFile; fileRef = 2A1786231ABD33ED005DD654 /* 01_top_removeTop.png */; };
		2A1786261ABD3B68005DD654 /* search.png in Resources */ = {isa = PBXBuildFile; fileRef = 2A1786251ABD3B68005DD654 /* search.png */; };
		2A1786281ABD3E0D005DD654 /* search2.png in Resources */ = {isa = PBXBuildFile; fileRef = 2A1786271ABD3E0D005DD654 /* search2.png */; };
		2A17862C1ABD415E005DD654 /* search2_small.png in Resources */ = {isa = PBXBuildFile; fileRef = 2A17862B1ABD415E005DD654 /* search2_small.png */; };
		2A1786301ABD4567005DD654 /* Crashlytics.framework in Frameworks */ = {isa = PBXBuildFile; fileRef = 2A17862E1ABD4567005DD654 /* Crashlytics.framework */; };
		2A1786311ABD4567005DD654 /* Fabric.framework in Frameworks */ = {isa = PBXBuildFile; fileRef = 2A17862F1ABD4567005DD654 /* Fabric.framework */; };
		2A1786341ABD9B79005DD654 /* CreateLabelViewController.m in Sources */ = {isa = PBXBuildFile; fileRef = 2A1786331ABD9B79005DD654 /* CreateLabelViewController.m */; };
		2A1786381ABD9DDC005DD654 /* CreateLabelTopTableViewCell.m in Sources */ = {isa = PBXBuildFile; fileRef = 2A1786361ABD9DDC005DD654 /* CreateLabelTopTableViewCell.m */; };
		2A1786391ABD9DDC005DD654 /* CreateLabelTopTableViewCell.xib in Resources */ = {isa = PBXBuildFile; fileRef = 2A1786371ABD9DDC005DD654 /* CreateLabelTopTableViewCell.xib */; };
		2A17863B1ABD9E7A005DD654 /* icon_arrowToLeft.png in Resources */ = {isa = PBXBuildFile; fileRef = 2A17863A1ABD9E7A005DD654 /* icon_arrowToLeft.png */; };
		2AE2DACD1ABA85C2007F7026 /* main.m in Sources */ = {isa = PBXBuildFile; fileRef = 2AE2DACC1ABA85C2007F7026 /* main.m */; };
		2AE2DAD01ABA85C2007F7026 /* AppDelegate.m in Sources */ = {isa = PBXBuildFile; fileRef = 2AE2DACF1ABA85C2007F7026 /* AppDelegate.m */; };
		2AE2DAD31ABA85C2007F7026 /* ViewController.m in Sources */ = {isa = PBXBuildFile; fileRef = 2AE2DAD21ABA85C2007F7026 /* ViewController.m */; };
		2AE2DAD81ABA85C2007F7026 /* Images.xcassets in Resources */ = {isa = PBXBuildFile; fileRef = 2AE2DAD71ABA85C2007F7026 /* Images.xcassets */; };
		2AE2DADB1ABA85C2007F7026 /* LaunchScreen.xib in Resources */ = {isa = PBXBuildFile; fileRef = 2AE2DAD91ABA85C2007F7026 /* LaunchScreen.xib */; };
		2AE2DAE71ABA85C2007F7026 /* LabelerTests.m in Sources */ = {isa = PBXBuildFile; fileRef = 2AE2DAE61ABA85C2007F7026 /* LabelerTests.m */; };
		2AE2DAFC1ABA8AF5007F7026 /* ETCollectionViewCell.m in Sources */ = {isa = PBXBuildFile; fileRef = 2AE2DAFA1ABA8AF5007F7026 /* ETCollectionViewCell.m */; };
		2AE2DAFD1ABA8AF5007F7026 /* ETCollectionViewCell.xib in Resources */ = {isa = PBXBuildFile; fileRef = 2AE2DAFB1ABA8AF5007F7026 /* ETCollectionViewCell.xib */; };
		2AE2DB001ABA8BD3007F7026 /* ETCommonMethods.m in Sources */ = {isa = PBXBuildFile; fileRef = 2AE2DAFF1ABA8BD3007F7026 /* ETCommonMethods.m */; };
		2AE2DB221ABA8DD6007F7026 /* a0.jpg in Resources */ = {isa = PBXBuildFile; fileRef = 2AE2DB031ABA8DD6007F7026 /* a0.jpg */; };
		2AE2DB231ABA8DD6007F7026 /* a1.jpg in Resources */ = {isa = PBXBuildFile; fileRef = 2AE2DB041ABA8DD6007F7026 /* a1.jpg */; };
		2AE2DB241ABA8DD6007F7026 /* a2.jpg in Resources */ = {isa = PBXBuildFile; fileRef = 2AE2DB051ABA8DD6007F7026 /* a2.jpg */; };
		2AE2DB251ABA8DD6007F7026 /* a3.jpg in Resources */ = {isa = PBXBuildFile; fileRef = 2AE2DB061ABA8DD6007F7026 /* a3.jpg */; };
		2AE2DB261ABA8DD6007F7026 /* a4.jpg in Resources */ = {isa = PBXBuildFile; fileRef = 2AE2DB071ABA8DD6007F7026 /* a4.jpg */; };
		2AE2DB271ABA8DD6007F7026 /* a5.jpg in Resources */ = {isa = PBXBuildFile; fileRef = 2AE2DB081ABA8DD6007F7026 /* a5.jpg */; };
		2AE2DB281ABA8DD6007F7026 /* a6.jpg in Resources */ = {isa = PBXBuildFile; fileRef = 2AE2DB091ABA8DD6007F7026 /* a6.jpg */; };
		2AE2DB291ABA8DD6007F7026 /* a7.jpg in Resources */ = {isa = PBXBuildFile; fileRef = 2AE2DB0A1ABA8DD6007F7026 /* a7.jpg */; };
		2AE2DB2A1ABA8DD6007F7026 /* a8.jpg in Resources */ = {isa = PBXBuildFile; fileRef = 2AE2DB0B1ABA8DD6007F7026 /* a8.jpg */; };
		2AE2DB2B1ABA8DD6007F7026 /* a9.jpg in Resources */ = {isa = PBXBuildFile; fileRef = 2AE2DB0C1ABA8DD6007F7026 /* a9.jpg */; };
		2AE2DB2C1ABA8DD6007F7026 /* a10.jpg in Resources */ = {isa = PBXBuildFile; fileRef = 2AE2DB0D1ABA8DD6007F7026 /* a10.jpg */; };
		2AE2DB2D1ABA8DD6007F7026 /* a11.jpg in Resources */ = {isa = PBXBuildFile; fileRef = 2AE2DB0E1ABA8DD6007F7026 /* a11.jpg */; };
		2AE2DB2E1ABA8DD6007F7026 /* a12.jpg in Resources */ = {isa = PBXBuildFile; fileRef = 2AE2DB0F1ABA8DD6007F7026 /* a12.jpg */; };
		2AE2DB2F1ABA8DD6007F7026 /* a13.jpg in Resources */ = {isa = PBXBuildFile; fileRef = 2AE2DB101ABA8DD6007F7026 /* a13.jpg */; };
		2AE2DB301ABA8DD6007F7026 /* a14.jpg in Resources */ = {isa = PBXBuildFile; fileRef = 2AE2DB111ABA8DD6007F7026 /* a14.jpg */; };
		2AE2DB311ABA8DD6007F7026 /* a15.jpg in Resources */ = {isa = PBXBuildFile; fileRef = 2AE2DB121ABA8DD6007F7026 /* a15.jpg */; };
		2AE2DB321ABA8DD6007F7026 /* a16.jpg in Resources */ = {isa = PBXBuildFile; fileRef = 2AE2DB131ABA8DD6007F7026 /* a16.jpg */; };
		2AE2DB331ABA8DD6007F7026 /* a17.jpg in Resources */ = {isa = PBXBuildFile; fileRef = 2AE2DB141ABA8DD6007F7026 /* a17.jpg */; };
		2AE2DB341ABA8DD6007F7026 /* a18.jpg in Resources */ = {isa = PBXBuildFile; fileRef = 2AE2DB151ABA8DD6007F7026 /* a18.jpg */; };
		2AE2DB351ABA8DD6007F7026 /* a19.jpg in Resources */ = {isa = PBXBuildFile; fileRef = 2AE2DB161ABA8DD6007F7026 /* a19.jpg */; };
		2AE2DB361ABA8DD6007F7026 /* a20.jpg in Resources */ = {isa = PBXBuildFile; fileRef = 2AE2DB171ABA8DD6007F7026 /* a20.jpg */; };
		2AE2DB371ABA8DD6007F7026 /* a21.jpg in Resources */ = {isa = PBXBuildFile; fileRef = 2AE2DB181ABA8DD6007F7026 /* a21.jpg */; };
		2AE2DB381ABA8DD6007F7026 /* a22.jpg in Resources */ = {isa = PBXBuildFile; fileRef = 2AE2DB191ABA8DD6007F7026 /* a22.jpg */; };
		2AE2DB391ABA8DD6007F7026 /* a23.jpg in Resources */ = {isa = PBXBuildFile; fileRef = 2AE2DB1A1ABA8DD6007F7026 /* a23.jpg */; };
		2AE2DB3A1ABA8DD6007F7026 /* a24.jpg in Resources */ = {isa = PBXBuildFile; fileRef = 2AE2DB1B1ABA8DD6007F7026 /* a24.jpg */; };
		2AE2DB3B1ABA8DD6007F7026 /* a25.jpg in Resources */ = {isa = PBXBuildFile; fileRef = 2AE2DB1C1ABA8DD6007F7026 /* a25.jpg */; };
		2AE2DB3C1ABA8DD6007F7026 /* a26.jpg in Resources */ = {isa = PBXBuildFile; fileRef = 2AE2DB1D1ABA8DD6007F7026 /* a26.jpg */; };
		2AE2DB3D1ABA8DD6007F7026 /* a27.jpg in Resources */ = {isa = PBXBuildFile; fileRef = 2AE2DB1E1ABA8DD6007F7026 /* a27.jpg */; };
		2AE2DB3E1ABA8DD6007F7026 /* a28.jpg in Resources */ = {isa = PBXBuildFile; fileRef = 2AE2DB1F1ABA8DD6007F7026 /* a28.jpg */; };
		2AE2DB3F1ABA8DD6007F7026 /* a29.jpg in Resources */ = {isa = PBXBuildFile; fileRef = 2AE2DB201ABA8DD6007F7026 /* a29.jpg */; };
		2AE2DB401ABA8DD6007F7026 /* a30.jpg in Resources */ = {isa = PBXBuildFile; fileRef = 2AE2DB211ABA8DD6007F7026 /* a30.jpg */; };
		2AE2DB431ABA9523007F7026 /* LeftViewController.m in Sources */ = {isa = PBXBuildFile; fileRef = 2AE2DB421ABA9523007F7026 /* LeftViewController.m */; };
		2AE2DB461ABA9535007F7026 /* RightViewController.m in Sources */ = {isa = PBXBuildFile; fileRef = 2AE2DB451ABA9535007F7026 /* RightViewController.m */; };
		2AE2DB491ABA95DB007F7026 /* MMNavigationController.m in Sources */ = {isa = PBXBuildFile; fileRef = 2AE2DB481ABA95DB007F7026 /* MMNavigationController.m */; };
		2AE2DB4C1ABA9781007F7026 /* MMExampleDrawerVisualStateManager.m in Sources */ = {isa = PBXBuildFile; fileRef = 2AE2DB4B1ABA9781007F7026 /* MMExampleDrawerVisualStateManager.m */; };
		2AE2DB4E1ABA9868007F7026 /* Main.storyboard in Resources */ = {isa = PBXBuildFile; fileRef = 2AE2DB4D1ABA9868007F7026 /* Main.storyboard */; };
		2AE2DB621ABB473A007F7026 /* RightIconTableViewCell.m in Sources */ = {isa = PBXBuildFile; fileRef = 2AE2DB601ABB473A007F7026 /* RightIconTableViewCell.m */; };
		2AE2DB631ABB473A007F7026 /* RightIconTableViewCell.xib in Resources */ = {isa = PBXBuildFile; fileRef = 2AE2DB611ABB473A007F7026 /* RightIconTableViewCell.xib */; };
		2AE2DB691ABBB635007F7026 /* icon_arrowToRight.png in Resources */ = {isa = PBXBuildFile; fileRef = 2AE2DB651ABBB635007F7026 /* icon_arrowToRight.png */; };
		2AE2DB6A1ABBB635007F7026 /* icon_close.png in Resources */ = {isa = PBXBuildFile; fileRef = 2AE2DB661ABBB635007F7026 /* icon_close.png */; };
		2AE2DB6B1ABBB635007F7026 /* icon_menu.png in Resources */ = {isa = PBXBuildFile; fileRef = 2AE2DB671ABBB635007F7026 /* icon_menu.png */; };
		2AE2DB6C1ABBB635007F7026 /* icon_profile.png in Resources */ = {isa = PBXBuildFile; fileRef = 2AE2DB681ABBB635007F7026 /* icon_profile.png */; };
		967538DF7B6A6FF26A5A999E /* libPods.a in Frameworks */ = {isa = PBXBuildFile; fileRef = 6293626BB5F4722BB84DEE2C /* libPods.a */; };
/* End PBXBuildFile section */

/* Begin PBXContainerItemProxy section */
		2AE2DAE11ABA85C2007F7026 /* PBXContainerItemProxy */ = {
			isa = PBXContainerItemProxy;
			containerPortal = 2AE2DABF1ABA85C2007F7026 /* Project object */;
			proxyType = 1;
			remoteGlobalIDString = 2AE2DAC61ABA85C2007F7026;
			remoteInfo = Labeler;
		};
/* End PBXContainerItemProxy section */

/* Begin PBXFileReference section */
		2303FA7BF5A59B64A28921CF /* Pods.debug.xcconfig */ = {isa = PBXFileReference; includeInIndex = 1; lastKnownFileType = text.xcconfig; name = Pods.debug.xcconfig; path = "Pods/Target Support Files/Pods/Pods.debug.xcconfig"; sourceTree = "<group>"; };
		2A17860D1ABD0F0C005DD654 /* LeftArrowTableViewCell.h */ = {isa = PBXFileReference; fileEncoding = 4; lastKnownFileType = sourcecode.c.h; path = LeftArrowTableViewCell.h; sourceTree = "<group>"; };
		2A17860E1ABD0F0C005DD654 /* LeftArrowTableViewCell.m */ = {isa = PBXFileReference; fileEncoding = 4; lastKnownFileType = sourcecode.c.objc; path = LeftArrowTableViewCell.m; sourceTree = "<group>"; };
		2A17860F1ABD0F0C005DD654 /* LeftArrowTableViewCell.xib */ = {isa = PBXFileReference; fileEncoding = 4; lastKnownFileType = file.xib; path = LeftArrowTableViewCell.xib; sourceTree = "<group>"; };
		2A1786141ABD1472005DD654 /* img_logout.png */ = {isa = PBXFileReference; lastKnownFileType = image.png; path = img_logout.png; sourceTree = "<group>"; };
		2A1786161ABD14A5005DD654 /* ImageCenterTableViewCell.h */ = {isa = PBXFileReference; fileEncoding = 4; lastKnownFileType = sourcecode.c.h; path = ImageCenterTableViewCell.h; sourceTree = "<group>"; };
		2A1786171ABD14A5005DD654 /* ImageCenterTableViewCell.m */ = {isa = PBXFileReference; fileEncoding = 4; lastKnownFileType = sourcecode.c.objc; path = ImageCenterTableViewCell.m; sourceTree = "<group>"; };
		2A1786181ABD14A5005DD654 /* ImageCenterTableViewCell.xib */ = {isa = PBXFileReference; fileEncoding = 4; lastKnownFileType = file.xib; path = ImageCenterTableViewCell.xib; sourceTree = "<group>"; };
		2A17861B1ABD2459005DD654 /* LeftIconCenterImageTableViewCell.h */ = {isa = PBXFileReference; fileEncoding = 4; lastKnownFileType = sourcecode.c.h; path = LeftIconCenterImageTableViewCell.h; sourceTree = "<group>"; };
		2A17861C1ABD2459005DD654 /* LeftIconCenterImageTableViewCell.m */ = {isa = PBXFileReference; fileEncoding = 4; lastKnownFileType = sourcecode.c.objc; path = LeftIconCenterImageTableViewCell.m; sourceTree = "<group>"; };
		2A17861D1ABD2459005DD654 /* LeftIconCenterImageTableViewCell.xib */ = {isa = PBXFileReference; fileEncoding = 4; lastKnownFileType = file.xib; path = LeftIconCenterImageTableViewCell.xib; sourceTree = "<group>"; };
		2A1786231ABD33ED005DD654 /* 01_top_removeTop.png */ = {isa = PBXFileReference; lastKnownFileType = image.png; path = 01_top_removeTop.png; sourceTree = "<group>"; };
		2A1786251ABD3B68005DD654 /* search.png */ = {isa = PBXFileReference; lastKnownFileType = image.png; path = search.png; sourceTree = "<group>"; };
		2A1786271ABD3E0D005DD654 /* search2.png */ = {isa = PBXFileReference; lastKnownFileType = image.png; path = search2.png; sourceTree = "<group>"; };
		2A17862B1ABD415E005DD654 /* search2_small.png */ = {isa = PBXFileReference; lastKnownFileType = image.png; path = search2_small.png; sourceTree = "<group>"; };
		2A17862E1ABD4567005DD654 /* Crashlytics.framework */ = {isa = PBXFileReference; lastKnownFileType = wrapper.framework; path = Crashlytics.framework; sourceTree = "<group>"; };
		2A17862F1ABD4567005DD654 /* Fabric.framework */ = {isa = PBXFileReference; lastKnownFileType = wrapper.framework; path = Fabric.framework; sourceTree = "<group>"; };
		2A1786321ABD9B79005DD654 /* CreateLabelViewController.h */ = {isa = PBXFileReference; fileEncoding = 4; lastKnownFileType = sourcecode.c.h; path = CreateLabelViewController.h; sourceTree = "<group>"; };
		2A1786331ABD9B79005DD654 /* CreateLabelViewController.m */ = {isa = PBXFileReference; fileEncoding = 4; lastKnownFileType = sourcecode.c.objc; path = CreateLabelViewController.m; sourceTree = "<group>"; };
		2A1786351ABD9DDC005DD654 /* CreateLabelTopTableViewCell.h */ = {isa = PBXFileReference; fileEncoding = 4; lastKnownFileType = sourcecode.c.h; path = CreateLabelTopTableViewCell.h; sourceTree = "<group>"; };
		2A1786361ABD9DDC005DD654 /* CreateLabelTopTableViewCell.m */ = {isa = PBXFileReference; fileEncoding = 4; lastKnownFileType = sourcecode.c.objc; path = CreateLabelTopTableViewCell.m; sourceTree = "<group>"; };
		2A1786371ABD9DDC005DD654 /* CreateLabelTopTableViewCell.xib */ = {isa = PBXFileReference; fileEncoding = 4; lastKnownFileType = file.xib; path = CreateLabelTopTableViewCell.xib; sourceTree = "<group>"; };
		2A17863A1ABD9E7A005DD654 /* icon_arrowToLeft.png */ = {isa = PBXFileReference; lastKnownFileType = image.png; path = icon_arrowToLeft.png; sourceTree = "<group>"; };
		2AE2DAC71ABA85C2007F7026 /* Labeler.app */ = {isa = PBXFileReference; explicitFileType = wrapper.application; includeInIndex = 0; path = Labeler.app; sourceTree = BUILT_PRODUCTS_DIR; };
		2AE2DACB1ABA85C2007F7026 /* Info.plist */ = {isa = PBXFileReference; lastKnownFileType = text.plist.xml; path = Info.plist; sourceTree = "<group>"; };
		2AE2DACC1ABA85C2007F7026 /* main.m */ = {isa = PBXFileReference; lastKnownFileType = sourcecode.c.objc; path = main.m; sourceTree = "<group>"; };
		2AE2DACE1ABA85C2007F7026 /* AppDelegate.h */ = {isa = PBXFileReference; lastKnownFileType = sourcecode.c.h; path = AppDelegate.h; sourceTree = "<group>"; };
		2AE2DACF1ABA85C2007F7026 /* AppDelegate.m */ = {isa = PBXFileReference; lastKnownFileType = sourcecode.c.objc; path = AppDelegate.m; sourceTree = "<group>"; };
		2AE2DAD11ABA85C2007F7026 /* ViewController.h */ = {isa = PBXFileReference; lastKnownFileType = sourcecode.c.h; path = ViewController.h; sourceTree = "<group>"; };
		2AE2DAD21ABA85C2007F7026 /* ViewController.m */ = {isa = PBXFileReference; lastKnownFileType = sourcecode.c.objc; path = ViewController.m; sourceTree = "<group>"; };
		2AE2DAD71ABA85C2007F7026 /* Images.xcassets */ = {isa = PBXFileReference; lastKnownFileType = folder.assetcatalog; path = Images.xcassets; sourceTree = "<group>"; };
		2AE2DADA1ABA85C2007F7026 /* Base */ = {isa = PBXFileReference; lastKnownFileType = file.xib; name = Base; path = Base.lproj/LaunchScreen.xib; sourceTree = "<group>"; };
		2AE2DAE01ABA85C2007F7026 /* LabelerTests.xctest */ = {isa = PBXFileReference; explicitFileType = wrapper.cfbundle; includeInIndex = 0; path = LabelerTests.xctest; sourceTree = BUILT_PRODUCTS_DIR; };
		2AE2DAE51ABA85C2007F7026 /* Info.plist */ = {isa = PBXFileReference; lastKnownFileType = text.plist.xml; path = Info.plist; sourceTree = "<group>"; };
		2AE2DAE61ABA85C2007F7026 /* LabelerTests.m */ = {isa = PBXFileReference; lastKnownFileType = sourcecode.c.objc; path = LabelerTests.m; sourceTree = "<group>"; };
		2AE2DAF91ABA8AF5007F7026 /* ETCollectionViewCell.h */ = {isa = PBXFileReference; fileEncoding = 4; lastKnownFileType = sourcecode.c.h; path = ETCollectionViewCell.h; sourceTree = "<group>"; };
		2AE2DAFA1ABA8AF5007F7026 /* ETCollectionViewCell.m */ = {isa = PBXFileReference; fileEncoding = 4; lastKnownFileType = sourcecode.c.objc; path = ETCollectionViewCell.m; sourceTree = "<group>"; };
		2AE2DAFB1ABA8AF5007F7026 /* ETCollectionViewCell.xib */ = {isa = PBXFileReference; fileEncoding = 4; lastKnownFileType = file.xib; path = ETCollectionViewCell.xib; sourceTree = "<group>"; };
		2AE2DAFE1ABA8BD3007F7026 /* ETCommonMethods.h */ = {isa = PBXFileReference; fileEncoding = 4; lastKnownFileType = sourcecode.c.h; path = ETCommonMethods.h; sourceTree = "<group>"; };
		2AE2DAFF1ABA8BD3007F7026 /* ETCommonMethods.m */ = {isa = PBXFileReference; fileEncoding = 4; lastKnownFileType = sourcecode.c.objc; path = ETCommonMethods.m; sourceTree = "<group>"; };
		2AE2DB011ABA8BE4007F7026 /* PrefixHeader.pch */ = {isa = PBXFileReference; fileEncoding = 4; lastKnownFileType = sourcecode.c.h; path = PrefixHeader.pch; sourceTree = "<group>"; };
		2AE2DB031ABA8DD6007F7026 /* a0.jpg */ = {isa = PBXFileReference; lastKnownFileType = image.jpeg; path = a0.jpg; sourceTree = "<group>"; };
		2AE2DB041ABA8DD6007F7026 /* a1.jpg */ = {isa = PBXFileReference; lastKnownFileType = image.jpeg; path = a1.jpg; sourceTree = "<group>"; };
		2AE2DB051ABA8DD6007F7026 /* a2.jpg */ = {isa = PBXFileReference; lastKnownFileType = image.jpeg; path = a2.jpg; sourceTree = "<group>"; };
		2AE2DB061ABA8DD6007F7026 /* a3.jpg */ = {isa = PBXFileReference; lastKnownFileType = image.jpeg; path = a3.jpg; sourceTree = "<group>"; };
		2AE2DB071ABA8DD6007F7026 /* a4.jpg */ = {isa = PBXFileReference; lastKnownFileType = image.jpeg; path = a4.jpg; sourceTree = "<group>"; };
		2AE2DB081ABA8DD6007F7026 /* a5.jpg */ = {isa = PBXFileReference; lastKnownFileType = image.jpeg; path = a5.jpg; sourceTree = "<group>"; };
		2AE2DB091ABA8DD6007F7026 /* a6.jpg */ = {isa = PBXFileReference; lastKnownFileType = image.jpeg; path = a6.jpg; sourceTree = "<group>"; };
		2AE2DB0A1ABA8DD6007F7026 /* a7.jpg */ = {isa = PBXFileReference; lastKnownFileType = image.jpeg; path = a7.jpg; sourceTree = "<group>"; };
		2AE2DB0B1ABA8DD6007F7026 /* a8.jpg */ = {isa = PBXFileReference; lastKnownFileType = image.jpeg; path = a8.jpg; sourceTree = "<group>"; };
		2AE2DB0C1ABA8DD6007F7026 /* a9.jpg */ = {isa = PBXFileReference; lastKnownFileType = image.jpeg; path = a9.jpg; sourceTree = "<group>"; };
		2AE2DB0D1ABA8DD6007F7026 /* a10.jpg */ = {isa = PBXFileReference; lastKnownFileType = image.jpeg; path = a10.jpg; sourceTree = "<group>"; };
		2AE2DB0E1ABA8DD6007F7026 /* a11.jpg */ = {isa = PBXFileReference; lastKnownFileType = image.jpeg; path = a11.jpg; sourceTree = "<group>"; };
		2AE2DB0F1ABA8DD6007F7026 /* a12.jpg */ = {isa = PBXFileReference; lastKnownFileType = image.jpeg; path = a12.jpg; sourceTree = "<group>"; };
		2AE2DB101ABA8DD6007F7026 /* a13.jpg */ = {isa = PBXFileReference; lastKnownFileType = image.jpeg; path = a13.jpg; sourceTree = "<group>"; };
		2AE2DB111ABA8DD6007F7026 /* a14.jpg */ = {isa = PBXFileReference; lastKnownFileType = image.jpeg; path = a14.jpg; sourceTree = "<group>"; };
		2AE2DB121ABA8DD6007F7026 /* a15.jpg */ = {isa = PBXFileReference; lastKnownFileType = image.jpeg; path = a15.jpg; sourceTree = "<group>"; };
		2AE2DB131ABA8DD6007F7026 /* a16.jpg */ = {isa = PBXFileReference; lastKnownFileType = image.jpeg; path = a16.jpg; sourceTree = "<group>"; };
		2AE2DB141ABA8DD6007F7026 /* a17.jpg */ = {isa = PBXFileReference; lastKnownFileType = image.jpeg; path = a17.jpg; sourceTree = "<group>"; };
		2AE2DB151ABA8DD6007F7026 /* a18.jpg */ = {isa = PBXFileReference; lastKnownFileType = image.jpeg; path = a18.jpg; sourceTree = "<group>"; };
		2AE2DB161ABA8DD6007F7026 /* a19.jpg */ = {isa = PBXFileReference; lastKnownFileType = image.jpeg; path = a19.jpg; sourceTree = "<group>"; };
		2AE2DB171ABA8DD6007F7026 /* a20.jpg */ = {isa = PBXFileReference; lastKnownFileType = image.jpeg; path = a20.jpg; sourceTree = "<group>"; };
		2AE2DB181ABA8DD6007F7026 /* a21.jpg */ = {isa = PBXFileReference; lastKnownFileType = image.jpeg; path = a21.jpg; sourceTree = "<group>"; };
		2AE2DB191ABA8DD6007F7026 /* a22.jpg */ = {isa = PBXFileReference; lastKnownFileType = image.jpeg; path = a22.jpg; sourceTree = "<group>"; };
		2AE2DB1A1ABA8DD6007F7026 /* a23.jpg */ = {isa = PBXFileReference; lastKnownFileType = image.jpeg; path = a23.jpg; sourceTree = "<group>"; };
		2AE2DB1B1ABA8DD6007F7026 /* a24.jpg */ = {isa = PBXFileReference; lastKnownFileType = image.jpeg; path = a24.jpg; sourceTree = "<group>"; };
		2AE2DB1C1ABA8DD6007F7026 /* a25.jpg */ = {isa = PBXFileReference; lastKnownFileType = image.jpeg; path = a25.jpg; sourceTree = "<group>"; };
		2AE2DB1D1ABA8DD6007F7026 /* a26.jpg */ = {isa = PBXFileReference; lastKnownFileType = image.jpeg; path = a26.jpg; sourceTree = "<group>"; };
		2AE2DB1E1ABA8DD6007F7026 /* a27.jpg */ = {isa = PBXFileReference; lastKnownFileType = image.jpeg; path = a27.jpg; sourceTree = "<group>"; };
		2AE2DB1F1ABA8DD6007F7026 /* a28.jpg */ = {isa = PBXFileReference; lastKnownFileType = image.jpeg; path = a28.jpg; sourceTree = "<group>"; };
		2AE2DB201ABA8DD6007F7026 /* a29.jpg */ = {isa = PBXFileReference; lastKnownFileType = image.jpeg; path = a29.jpg; sourceTree = "<group>"; };
		2AE2DB211ABA8DD6007F7026 /* a30.jpg */ = {isa = PBXFileReference; lastKnownFileType = image.jpeg; path = a30.jpg; sourceTree = "<group>"; };
		2AE2DB411ABA9523007F7026 /* LeftViewController.h */ = {isa = PBXFileReference; fileEncoding = 4; lastKnownFileType = sourcecode.c.h; path = LeftViewController.h; sourceTree = "<group>"; };
		2AE2DB421ABA9523007F7026 /* LeftViewController.m */ = {isa = PBXFileReference; fileEncoding = 4; lastKnownFileType = sourcecode.c.objc; path = LeftViewController.m; sourceTree = "<group>"; };
		2AE2DB441ABA9535007F7026 /* RightViewController.h */ = {isa = PBXFileReference; fileEncoding = 4; lastKnownFileType = sourcecode.c.h; path = RightViewController.h; sourceTree = "<group>"; };
		2AE2DB451ABA9535007F7026 /* RightViewController.m */ = {isa = PBXFileReference; fileEncoding = 4; lastKnownFileType = sourcecode.c.objc; path = RightViewController.m; sourceTree = "<group>"; };
		2AE2DB471ABA95DB007F7026 /* MMNavigationController.h */ = {isa = PBXFileReference; fileEncoding = 4; lastKnownFileType = sourcecode.c.h; path = MMNavigationController.h; sourceTree = "<group>"; };
		2AE2DB481ABA95DB007F7026 /* MMNavigationController.m */ = {isa = PBXFileReference; fileEncoding = 4; lastKnownFileType = sourcecode.c.objc; path = MMNavigationController.m; sourceTree = "<group>"; };
		2AE2DB4A1ABA9781007F7026 /* MMExampleDrawerVisualStateManager.h */ = {isa = PBXFileReference; fileEncoding = 4; lastKnownFileType = sourcecode.c.h; path = MMExampleDrawerVisualStateManager.h; sourceTree = "<group>"; };
		2AE2DB4B1ABA9781007F7026 /* MMExampleDrawerVisualStateManager.m */ = {isa = PBXFileReference; fileEncoding = 4; lastKnownFileType = sourcecode.c.objc; path = MMExampleDrawerVisualStateManager.m; sourceTree = "<group>"; };
		2AE2DB4D1ABA9868007F7026 /* Main.storyboard */ = {isa = PBXFileReference; fileEncoding = 4; lastKnownFileType = file.storyboard; path = Main.storyboard; sourceTree = "<group>"; };
		2AE2DB5F1ABB473A007F7026 /* RightIconTableViewCell.h */ = {isa = PBXFileReference; fileEncoding = 4; lastKnownFileType = sourcecode.c.h; path = RightIconTableViewCell.h; sourceTree = "<group>"; };
		2AE2DB601ABB473A007F7026 /* RightIconTableViewCell.m */ = {isa = PBXFileReference; fileEncoding = 4; lastKnownFileType = sourcecode.c.objc; path = RightIconTableViewCell.m; sourceTree = "<group>"; };
		2AE2DB611ABB473A007F7026 /* RightIconTableViewCell.xib */ = {isa = PBXFileReference; fileEncoding = 4; lastKnownFileType = file.xib; path = RightIconTableViewCell.xib; sourceTree = "<group>"; };
		2AE2DB651ABBB635007F7026 /* icon_arrowToRight.png */ = {isa = PBXFileReference; lastKnownFileType = image.png; path = icon_arrowToRight.png; sourceTree = "<group>"; };
		2AE2DB661ABBB635007F7026 /* icon_close.png */ = {isa = PBXFileReference; lastKnownFileType = image.png; path = icon_close.png; sourceTree = "<group>"; };
		2AE2DB671ABBB635007F7026 /* icon_menu.png */ = {isa = PBXFileReference; lastKnownFileType = image.png; path = icon_menu.png; sourceTree = "<group>"; };
		2AE2DB681ABBB635007F7026 /* icon_profile.png */ = {isa = PBXFileReference; lastKnownFileType = image.png; path = icon_profile.png; sourceTree = "<group>"; };
		4C03503F093381A2FBDB720C /* Pods.release.xcconfig */ = {isa = PBXFileReference; includeInIndex = 1; lastKnownFileType = text.xcconfig; name = Pods.release.xcconfig; path = "Pods/Target Support Files/Pods/Pods.release.xcconfig"; sourceTree = "<group>"; };
		6293626BB5F4722BB84DEE2C /* libPods.a */ = {isa = PBXFileReference; explicitFileType = archive.ar; includeInIndex = 0; path = libPods.a; sourceTree = BUILT_PRODUCTS_DIR; };
/* End PBXFileReference section */

/* Begin PBXFrameworksBuildPhase section */
		2AE2DAC41ABA85C2007F7026 /* Frameworks */ = {
			isa = PBXFrameworksBuildPhase;
			buildActionMask = 2147483647;
			files = (
				2A1786301ABD4567005DD654 /* Crashlytics.framework in Frameworks */,
				967538DF7B6A6FF26A5A999E /* libPods.a in Frameworks */,
				2A1786311ABD4567005DD654 /* Fabric.framework in Frameworks */,
			);
			runOnlyForDeploymentPostprocessing = 0;
		};
		2AE2DADD1ABA85C2007F7026 /* Frameworks */ = {
			isa = PBXFrameworksBuildPhase;
			buildActionMask = 2147483647;
			files = (
			);
			runOnlyForDeploymentPostprocessing = 0;
		};
/* End PBXFrameworksBuildPhase section */

/* Begin PBXGroup section */
		0552C3C55D8E2BA62AB99E47 /* Pods */ = {
			isa = PBXGroup;
			children = (
				2303FA7BF5A59B64A28921CF /* Pods.debug.xcconfig */,
				4C03503F093381A2FBDB720C /* Pods.release.xcconfig */,
			);
			name = Pods;
			sourceTree = "<group>";
		};
		2A1786121ABD143C005DD654 /* icon */ = {
			isa = PBXGroup;
			children = (
				2A17862B1ABD415E005DD654 /* search2_small.png */,
				2A1786271ABD3E0D005DD654 /* search2.png */,
				2A1786251ABD3B68005DD654 /* search.png */,
				2AE2DB651ABBB635007F7026 /* icon_arrowToRight.png */,
				2A17863A1ABD9E7A005DD654 /* icon_arrowToLeft.png */,
				2AE2DB661ABBB635007F7026 /* icon_close.png */,
				2AE2DB671ABBB635007F7026 /* icon_menu.png */,
				2AE2DB681ABBB635007F7026 /* icon_profile.png */,
			);
			name = icon;
			sourceTree = "<group>";
		};
		2A1786131ABD1444005DD654 /* image */ = {
			isa = PBXGroup;
			children = (
				2A1786141ABD1472005DD654 /* img_logout.png */,
			);
			name = image;
			sourceTree = "<group>";
		};
		2A1786201ABD333E005DD654 /* launch */ = {
			isa = PBXGroup;
			children = (
				2A1786231ABD33ED005DD654 /* 01_top_removeTop.png */,
			);
			name = launch;
			sourceTree = "<group>";
		};
		2AE2DABE1ABA85C2007F7026 = {
			isa = PBXGroup;
			children = (
				2AE2DAC91ABA85C2007F7026 /* Labeler */,
				2AE2DAE31ABA85C2007F7026 /* LabelerTests */,
				2AE2DAC81ABA85C2007F7026 /* Products */,
				0552C3C55D8E2BA62AB99E47 /* Pods */,
				C4D9355E51408E8A3AAE1FFE /* Frameworks */,
			);
			sourceTree = "<group>";
		};
		2AE2DAC81ABA85C2007F7026 /* Products */ = {
			isa = PBXGroup;
			children = (
				2AE2DAC71ABA85C2007F7026 /* Labeler.app */,
				2AE2DAE01ABA85C2007F7026 /* LabelerTests.xctest */,
			);
			name = Products;
			sourceTree = "<group>";
		};
		2AE2DAC91ABA85C2007F7026 /* Labeler */ = {
			isa = PBXGroup;
			children = (
				2AE2DB021ABA8DA1007F7026 /* image */,
				2AE2DAF31ABA8817007F7026 /* common */,
				2AE2DAF21ABA87E7007F7026 /* model */,
				2AE2DAF11ABA87E1007F7026 /* view */,
				2AE2DAF01ABA87DB007F7026 /* controller */,
				2AE2DACE1ABA85C2007F7026 /* AppDelegate.h */,
				2AE2DACF1ABA85C2007F7026 /* AppDelegate.m */,
				2AE2DB4D1ABA9868007F7026 /* Main.storyboard */,
				2AE2DAD71ABA85C2007F7026 /* Images.xcassets */,
				2AE2DAD91ABA85C2007F7026 /* LaunchScreen.xib */,
				2AE2DACA1ABA85C2007F7026 /* Supporting Files */,
			);
			path = Labeler;
			sourceTree = "<group>";
		};
		2AE2DACA1ABA85C2007F7026 /* Supporting Files */ = {
			isa = PBXGroup;
			children = (
				2AE2DB641ABBB2E1007F7026 /* material */,
				2AE2DACB1ABA85C2007F7026 /* Info.plist */,
				2AE2DACC1ABA85C2007F7026 /* main.m */,
				2AE2DB011ABA8BE4007F7026 /* PrefixHeader.pch */,
			);
			name = "Supporting Files";
			sourceTree = "<group>";
		};
		2AE2DAE31ABA85C2007F7026 /* LabelerTests */ = {
			isa = PBXGroup;
			children = (
				2AE2DAE61ABA85C2007F7026 /* LabelerTests.m */,
				2AE2DAE41ABA85C2007F7026 /* Supporting Files */,
			);
			path = LabelerTests;
			sourceTree = "<group>";
		};
		2AE2DAE41ABA85C2007F7026 /* Supporting Files */ = {
			isa = PBXGroup;
			children = (
				2AE2DAE51ABA85C2007F7026 /* Info.plist */,
			);
			name = "Supporting Files";
			sourceTree = "<group>";
		};
		2AE2DAF01ABA87DB007F7026 /* controller */ = {
			isa = PBXGroup;
			children = (
				2AE2DB471ABA95DB007F7026 /* MMNavigationController.h */,
				2AE2DB481ABA95DB007F7026 /* MMNavigationController.m */,
				2AE2DAD11ABA85C2007F7026 /* ViewController.h */,
				2AE2DAD21ABA85C2007F7026 /* ViewController.m */,
				2AE2DB411ABA9523007F7026 /* LeftViewController.h */,
				2AE2DB421ABA9523007F7026 /* LeftViewController.m */,
				2AE2DB441ABA9535007F7026 /* RightViewController.h */,
				2AE2DB451ABA9535007F7026 /* RightViewController.m */,
				2A1786321ABD9B79005DD654 /* CreateLabelViewController.h */,
				2A1786331ABD9B79005DD654 /* CreateLabelViewController.m */,
			);
			path = controller;
			sourceTree = "<group>";
		};
		2AE2DAF11ABA87E1007F7026 /* view */ = {
			isa = PBXGroup;
			children = (
				2AE2DAF91ABA8AF5007F7026 /* ETCollectionViewCell.h */,
				2AE2DAFA1ABA8AF5007F7026 /* ETCollectionViewCell.m */,
				2AE2DAFB1ABA8AF5007F7026 /* ETCollectionViewCell.xib */,
				2AE2DB5F1ABB473A007F7026 /* RightIconTableViewCell.h */,
				2AE2DB601ABB473A007F7026 /* RightIconTableViewCell.m */,
				2AE2DB611ABB473A007F7026 /* RightIconTableViewCell.xib */,
				2A17860D1ABD0F0C005DD654 /* LeftArrowTableViewCell.h */,
				2A17860E1ABD0F0C005DD654 /* LeftArrowTableViewCell.m */,
				2A17860F1ABD0F0C005DD654 /* LeftArrowTableViewCell.xib */,
				2A1786161ABD14A5005DD654 /* ImageCenterTableViewCell.h */,
				2A1786171ABD14A5005DD654 /* ImageCenterTableViewCell.m */,
				2A1786181ABD14A5005DD654 /* ImageCenterTableViewCell.xib */,
				2A17861B1ABD2459005DD654 /* LeftIconCenterImageTableViewCell.h */,
				2A17861C1ABD2459005DD654 /* LeftIconCenterImageTableViewCell.m */,
				2A17861D1ABD2459005DD654 /* LeftIconCenterImageTableViewCell.xib */,
				2A1786351ABD9DDC005DD654 /* CreateLabelTopTableViewCell.h */,
				2A1786361ABD9DDC005DD654 /* CreateLabelTopTableViewCell.m */,
				2A1786371ABD9DDC005DD654 /* CreateLabelTopTableViewCell.xib */,
			);
			path = view;
			sourceTree = "<group>";
		};
		2AE2DAF21ABA87E7007F7026 /* model */ = {
			isa = PBXGroup;
			children = (
				2AE2DB4A1ABA9781007F7026 /* MMExampleDrawerVisualStateManager.h */,
				2AE2DB4B1ABA9781007F7026 /* MMExampleDrawerVisualStateManager.m */,
			);
			path = model;
			sourceTree = "<group>";
		};
		2AE2DAF31ABA8817007F7026 /* common */ = {
			isa = PBXGroup;
			children = (
				2AE2DAFE1ABA8BD3007F7026 /* ETCommonMethods.h */,
				2AE2DAFF1ABA8BD3007F7026 /* ETCommonMethods.m */,
			);
			path = common;
			sourceTree = "<group>";
		};
		2AE2DB021ABA8DA1007F7026 /* image */ = {
			isa = PBXGroup;
			children = (
				2AE2DB031ABA8DD6007F7026 /* a0.jpg */,
				2AE2DB041ABA8DD6007F7026 /* a1.jpg */,
				2AE2DB051ABA8DD6007F7026 /* a2.jpg */,
				2AE2DB061ABA8DD6007F7026 /* a3.jpg */,
				2AE2DB071ABA8DD6007F7026 /* a4.jpg */,
				2AE2DB081ABA8DD6007F7026 /* a5.jpg */,
				2AE2DB091ABA8DD6007F7026 /* a6.jpg */,
				2AE2DB0A1ABA8DD6007F7026 /* a7.jpg */,
				2AE2DB0B1ABA8DD6007F7026 /* a8.jpg */,
				2AE2DB0C1ABA8DD6007F7026 /* a9.jpg */,
				2AE2DB0D1ABA8DD6007F7026 /* a10.jpg */,
				2AE2DB0E1ABA8DD6007F7026 /* a11.jpg */,
				2AE2DB0F1ABA8DD6007F7026 /* a12.jpg */,
				2AE2DB101ABA8DD6007F7026 /* a13.jpg */,
				2AE2DB111ABA8DD6007F7026 /* a14.jpg */,
				2AE2DB121ABA8DD6007F7026 /* a15.jpg */,
				2AE2DB131ABA8DD6007F7026 /* a16.jpg */,
				2AE2DB141ABA8DD6007F7026 /* a17.jpg */,
				2AE2DB151ABA8DD6007F7026 /* a18.jpg */,
				2AE2DB161ABA8DD6007F7026 /* a19.jpg */,
				2AE2DB171ABA8DD6007F7026 /* a20.jpg */,
				2AE2DB181ABA8DD6007F7026 /* a21.jpg */,
				2AE2DB191ABA8DD6007F7026 /* a22.jpg */,
				2AE2DB1A1ABA8DD6007F7026 /* a23.jpg */,
				2AE2DB1B1ABA8DD6007F7026 /* a24.jpg */,
				2AE2DB1C1ABA8DD6007F7026 /* a25.jpg */,
				2AE2DB1D1ABA8DD6007F7026 /* a26.jpg */,
				2AE2DB1E1ABA8DD6007F7026 /* a27.jpg */,
				2AE2DB1F1ABA8DD6007F7026 /* a28.jpg */,
				2AE2DB201ABA8DD6007F7026 /* a29.jpg */,
				2AE2DB211ABA8DD6007F7026 /* a30.jpg */,
			);
			path = image;
			sourceTree = "<group>";
		};
		2AE2DB641ABBB2E1007F7026 /* material */ = {
			isa = PBXGroup;
			children = (
				2A1786201ABD333E005DD654 /* launch */,
				2A1786131ABD1444005DD654 /* image */,
				2A1786121ABD143C005DD654 /* icon */,
			);
			path = material;
			sourceTree = "<group>";
		};
		C4D9355E51408E8A3AAE1FFE /* Frameworks */ = {
			isa = PBXGroup;
			children = (
				2A17862E1ABD4567005DD654 /* Crashlytics.framework */,
				2A17862F1ABD4567005DD654 /* Fabric.framework */,
				6293626BB5F4722BB84DEE2C /* libPods.a */,
			);
			name = Frameworks;
			sourceTree = "<group>";
		};
/* End PBXGroup section */

/* Begin PBXNativeTarget section */
		2AE2DAC61ABA85C2007F7026 /* Labeler */ = {
			isa = PBXNativeTarget;
			buildConfigurationList = 2AE2DAEA1ABA85C2007F7026 /* Build configuration list for PBXNativeTarget "Labeler" */;
			buildPhases = (
				20CBA5594E049887CFBCC7C0 /* Check Pods Manifest.lock */,
				2AE2DAC31ABA85C2007F7026 /* Sources */,
				2AE2DAC41ABA85C2007F7026 /* Frameworks */,
				2AE2DAC51ABA85C2007F7026 /* Resources */,
				A134F64A785E5C91C5FC93C4 /* Copy Pods Resources */,
				2A17862D1ABD453A005DD654 /* ShellScript */,
			);
			buildRules = (
			);
			dependencies = (
			);
			name = Labeler;
			productName = Labeler;
			productReference = 2AE2DAC71ABA85C2007F7026 /* Labeler.app */;
			productType = "com.apple.product-type.application";
		};
		2AE2DADF1ABA85C2007F7026 /* LabelerTests */ = {
			isa = PBXNativeTarget;
			buildConfigurationList = 2AE2DAED1ABA85C2007F7026 /* Build configuration list for PBXNativeTarget "LabelerTests" */;
			buildPhases = (
				2AE2DADC1ABA85C2007F7026 /* Sources */,
				2AE2DADD1ABA85C2007F7026 /* Frameworks */,
				2AE2DADE1ABA85C2007F7026 /* Resources */,
			);
			buildRules = (
			);
			dependencies = (
				2AE2DAE21ABA85C2007F7026 /* PBXTargetDependency */,
			);
			name = LabelerTests;
			productName = LabelerTests;
			productReference = 2AE2DAE01ABA85C2007F7026 /* LabelerTests.xctest */;
			productType = "com.apple.product-type.bundle.unit-test";
		};
/* End PBXNativeTarget section */

/* Begin PBXProject section */
		2AE2DABF1ABA85C2007F7026 /* Project object */ = {
			isa = PBXProject;
			attributes = {
				LastUpgradeCheck = 0620;
				ORGANIZATIONNAME = com.endo;
				TargetAttributes = {
					2AE2DAC61ABA85C2007F7026 = {
						CreatedOnToolsVersion = 6.2;
					};
					2AE2DADF1ABA85C2007F7026 = {
						CreatedOnToolsVersion = 6.2;
						DevelopmentTeam = Y7QGWHWRZ7;
						TestTargetID = 2AE2DAC61ABA85C2007F7026;
					};
				};
			};
			buildConfigurationList = 2AE2DAC21ABA85C2007F7026 /* Build configuration list for PBXProject "Labeler" */;
			compatibilityVersion = "Xcode 3.2";
			developmentRegion = English;
			hasScannedForEncodings = 0;
			knownRegions = (
				en,
				Base,
			);
			mainGroup = 2AE2DABE1ABA85C2007F7026;
			productRefGroup = 2AE2DAC81ABA85C2007F7026 /* Products */;
			projectDirPath = "";
			projectRoot = "";
			targets = (
				2AE2DAC61ABA85C2007F7026 /* Labeler */,
				2AE2DADF1ABA85C2007F7026 /* LabelerTests */,
			);
		};
/* End PBXProject section */

/* Begin PBXResourcesBuildPhase section */
		2AE2DAC51ABA85C2007F7026 /* Resources */ = {
			isa = PBXResourcesBuildPhase;
			buildActionMask = 2147483647;
			files = (
				2AE2DB2B1ABA8DD6007F7026 /* a9.jpg in Resources */,
				2AE2DB3E1ABA8DD6007F7026 /* a28.jpg in Resources */,
				2AE2DB291ABA8DD6007F7026 /* a7.jpg in Resources */,
				2AE2DB691ABBB635007F7026 /* icon_arrowToRight.png in Resources */,
				2A17861F1ABD2459005DD654 /* LeftIconCenterImageTableViewCell.xib in Resources */,
				2AE2DB281ABA8DD6007F7026 /* a6.jpg in Resources */,
				2AE2DB2A1ABA8DD6007F7026 /* a8.jpg in Resources */,
				2AE2DB3B1ABA8DD6007F7026 /* a25.jpg in Resources */,
				2AE2DB311ABA8DD6007F7026 /* a15.jpg in Resources */,
				2A1786281ABD3E0D005DD654 /* search2.png in Resources */,
				2A1786391ABD9DDC005DD654 /* CreateLabelTopTableViewCell.xib in Resources */,
				2AE2DB251ABA8DD6007F7026 /* a3.jpg in Resources */,
				2AE2DB331ABA8DD6007F7026 /* a17.jpg in Resources */,
				2A1786241ABD33ED005DD654 /* 01_top_removeTop.png in Resources */,
				2AE2DB321ABA8DD6007F7026 /* a16.jpg in Resources */,
				2AE2DB3C1ABA8DD6007F7026 /* a26.jpg in Resources */,
				2AE2DB6B1ABBB635007F7026 /* icon_menu.png in Resources */,
				2AE2DB231ABA8DD6007F7026 /* a1.jpg in Resources */,
				2AE2DB361ABA8DD6007F7026 /* a20.jpg in Resources */,
				2AE2DB2D1ABA8DD6007F7026 /* a11.jpg in Resources */,
				2A17863B1ABD9E7A005DD654 /* icon_arrowToLeft.png in Resources */,
				2AE2DB2C1ABA8DD6007F7026 /* a10.jpg in Resources */,
				2A17862C1ABD415E005DD654 /* search2_small.png in Resources */,
				2AE2DB3F1ABA8DD6007F7026 /* a29.jpg in Resources */,
				2AE2DB2F1ABA8DD6007F7026 /* a13.jpg in Resources */,
				2A1786151ABD1472005DD654 /* img_logout.png in Resources */,
				2AE2DB271ABA8DD6007F7026 /* a5.jpg in Resources */,
				2AE2DB6C1ABBB635007F7026 /* icon_profile.png in Resources */,
				2AE2DB371ABA8DD6007F7026 /* a21.jpg in Resources */,
				2AE2DB351ABA8DD6007F7026 /* a19.jpg in Resources */,
				2AE2DB261ABA8DD6007F7026 /* a4.jpg in Resources */,
				2AE2DB4E1ABA9868007F7026 /* Main.storyboard in Resources */,
				2AE2DB2E1ABA8DD6007F7026 /* a12.jpg in Resources */,
				2AE2DB301ABA8DD6007F7026 /* a14.jpg in Resources */,
				2AE2DB381ABA8DD6007F7026 /* a22.jpg in Resources */,
				2A1786111ABD0F0C005DD654 /* LeftArrowTableViewCell.xib in Resources */,
				2AE2DB341ABA8DD6007F7026 /* a18.jpg in Resources */,
				2AE2DAFD1ABA8AF5007F7026 /* ETCollectionViewCell.xib in Resources */,
				2AE2DB241ABA8DD6007F7026 /* a2.jpg in Resources */,
				2AE2DADB1ABA85C2007F7026 /* LaunchScreen.xib in Resources */,
				2AE2DB391ABA8DD6007F7026 /* a23.jpg in Resources */,
				2AE2DB3A1ABA8DD6007F7026 /* a24.jpg in Resources */,
				2AE2DB221ABA8DD6007F7026 /* a0.jpg in Resources */,
				2AE2DAD81ABA85C2007F7026 /* Images.xcassets in Resources */,
				2AE2DB631ABB473A007F7026 /* RightIconTableViewCell.xib in Resources */,
				2AE2DB401ABA8DD6007F7026 /* a30.jpg in Resources */,
				2AE2DB3D1ABA8DD6007F7026 /* a27.jpg in Resources */,
				2AE2DB6A1ABBB635007F7026 /* icon_close.png in Resources */,
				2A17861A1ABD14A5005DD654 /* ImageCenterTableViewCell.xib in Resources */,
				2A1786261ABD3B68005DD654 /* search.png in Resources */,
			);
			runOnlyForDeploymentPostprocessing = 0;
		};
		2AE2DADE1ABA85C2007F7026 /* Resources */ = {
			isa = PBXResourcesBuildPhase;
			buildActionMask = 2147483647;
			files = (
			);
			runOnlyForDeploymentPostprocessing = 0;
		};
/* End PBXResourcesBuildPhase section */

/* Begin PBXShellScriptBuildPhase section */
		20CBA5594E049887CFBCC7C0 /* Check Pods Manifest.lock */ = {
			isa = PBXShellScriptBuildPhase;
			buildActionMask = 2147483647;
			files = (
			);
			inputPaths = (
			);
			name = "Check Pods Manifest.lock";
			outputPaths = (
			);
			runOnlyForDeploymentPostprocessing = 0;
			shellPath = /bin/sh;
			shellScript = "diff \"${PODS_ROOT}/../Podfile.lock\" \"${PODS_ROOT}/Manifest.lock\" > /dev/null\nif [[ $? != 0 ]] ; then\n    cat << EOM\nerror: The sandbox is not in sync with the Podfile.lock. Run 'pod install' or update your CocoaPods installation.\nEOM\n    exit 1\nfi\n";
			showEnvVarsInLog = 0;
		};
		2A17862D1ABD453A005DD654 /* ShellScript */ = {
			isa = PBXShellScriptBuildPhase;
			buildActionMask = 2147483647;
			files = (
			);
			inputPaths = (
			);
			outputPaths = (
			);
			runOnlyForDeploymentPostprocessing = 0;
			shellPath = /bin/sh;
			shellScript = "./Fabric.framework/run fda572617282d21daffc4e05e76a13d1670c18bb 78aa50fb7ac5b691b7d0364f5c3e3584335ffbe71af39abdb13e9cf6f87b920d";
		};
		A134F64A785E5C91C5FC93C4 /* Copy Pods Resources */ = {
			isa = PBXShellScriptBuildPhase;
			buildActionMask = 2147483647;
			files = (
			);
			inputPaths = (
			);
			name = "Copy Pods Resources";
			outputPaths = (
			);
			runOnlyForDeploymentPostprocessing = 0;
			shellPath = /bin/sh;
			shellScript = "\"${SRCROOT}/Pods/Target Support Files/Pods/Pods-resources.sh\"\n";
			showEnvVarsInLog = 0;
		};
/* End PBXShellScriptBuildPhase section */

/* Begin PBXSourcesBuildPhase section */
		2AE2DAC31ABA85C2007F7026 /* Sources */ = {
			isa = PBXSourcesBuildPhase;
			buildActionMask = 2147483647;
			files = (
				2A1786101ABD0F0C005DD654 /* LeftArrowTableViewCell.m in Sources */,
				2AE2DB461ABA9535007F7026 /* RightViewController.m in Sources */,
				2A17861E1ABD2459005DD654 /* LeftIconCenterImageTableViewCell.m in Sources */,
				2AE2DB4C1ABA9781007F7026 /* MMExampleDrawerVisualStateManager.m in Sources */,
				2AE2DB491ABA95DB007F7026 /* MMNavigationController.m in Sources */,
				2AE2DB621ABB473A007F7026 /* RightIconTableViewCell.m in Sources */,
				2A1786381ABD9DDC005DD654 /* CreateLabelTopTableViewCell.m in Sources */,
				2AE2DAD31ABA85C2007F7026 /* ViewController.m in Sources */,
				2A1786341ABD9B79005DD654 /* CreateLabelViewController.m in Sources */,
				2AE2DAFC1ABA8AF5007F7026 /* ETCollectionViewCell.m in Sources */,
				2AE2DAD01ABA85C2007F7026 /* AppDelegate.m in Sources */,
				2A1786191ABD14A5005DD654 /* ImageCenterTableViewCell.m in Sources */,
				2AE2DB431ABA9523007F7026 /* LeftViewController.m in Sources */,
				2AE2DACD1ABA85C2007F7026 /* main.m in Sources */,
				2AE2DB001ABA8BD3007F7026 /* ETCommonMethods.m in Sources */,
			);
			runOnlyForDeploymentPostprocessing = 0;
		};
		2AE2DADC1ABA85C2007F7026 /* Sources */ = {
			isa = PBXSourcesBuildPhase;
			buildActionMask = 2147483647;
			files = (
				2AE2DAE71ABA85C2007F7026 /* LabelerTests.m in Sources */,
			);
			runOnlyForDeploymentPostprocessing = 0;
		};
/* End PBXSourcesBuildPhase section */

/* Begin PBXTargetDependency section */
		2AE2DAE21ABA85C2007F7026 /* PBXTargetDependency */ = {
			isa = PBXTargetDependency;
			target = 2AE2DAC61ABA85C2007F7026 /* Labeler */;
			targetProxy = 2AE2DAE11ABA85C2007F7026 /* PBXContainerItemProxy */;
		};
/* End PBXTargetDependency section */

/* Begin PBXVariantGroup section */
		2AE2DAD91ABA85C2007F7026 /* LaunchScreen.xib */ = {
			isa = PBXVariantGroup;
			children = (
				2AE2DADA1ABA85C2007F7026 /* Base */,
			);
			name = LaunchScreen.xib;
			sourceTree = "<group>";
		};
/* End PBXVariantGroup section */

/* Begin XCBuildConfiguration section */
		2AE2DAE81ABA85C2007F7026 /* Debug */ = {
			isa = XCBuildConfiguration;
			buildSettings = {
				ALWAYS_SEARCH_USER_PATHS = NO;
				CLANG_CXX_LANGUAGE_STANDARD = "gnu++0x";
				CLANG_CXX_LIBRARY = "libc++";
				CLANG_ENABLE_MODULES = YES;
				CLANG_ENABLE_OBJC_ARC = YES;
				CLANG_WARN_BOOL_CONVERSION = YES;
				CLANG_WARN_CONSTANT_CONVERSION = YES;
				CLANG_WARN_DIRECT_OBJC_ISA_USAGE = YES_ERROR;
				CLANG_WARN_EMPTY_BODY = YES;
				CLANG_WARN_ENUM_CONVERSION = YES;
				CLANG_WARN_INT_CONVERSION = YES;
				CLANG_WARN_OBJC_ROOT_CLASS = YES_ERROR;
				CLANG_WARN_UNREACHABLE_CODE = YES;
				CLANG_WARN__DUPLICATE_METHOD_MATCH = YES;
				CODE_SIGN_IDENTITY = "iPhone Developer: Tsuyoshi Endo (9F7RPH86TF)";
				"CODE_SIGN_IDENTITY[sdk=iphoneos*]" = "iPhone Developer: Tsuyoshi Endo (9F7RPH86TF)";
				COPY_PHASE_STRIP = NO;
				ENABLE_STRICT_OBJC_MSGSEND = YES;
				GCC_C_LANGUAGE_STANDARD = gnu99;
				GCC_DYNAMIC_NO_PIC = NO;
				GCC_OPTIMIZATION_LEVEL = 0;
				GCC_PREFIX_HEADER = Labeler/PrefixHeader.pch;
				GCC_PREPROCESSOR_DEFINITIONS = (
					"DEBUG=1",
					"$(inherited)",
				);
				GCC_SYMBOLS_PRIVATE_EXTERN = NO;
				GCC_WARN_64_TO_32_BIT_CONVERSION = YES;
				GCC_WARN_ABOUT_RETURN_TYPE = YES_ERROR;
				GCC_WARN_UNDECLARED_SELECTOR = YES;
				GCC_WARN_UNINITIALIZED_AUTOS = YES_AGGRESSIVE;
				GCC_WARN_UNUSED_FUNCTION = YES;
				GCC_WARN_UNUSED_VARIABLE = YES;
				IPHONEOS_DEPLOYMENT_TARGET = 8.2;
				MTL_ENABLE_DEBUG_INFO = YES;
				ONLY_ACTIVE_ARCH = YES;
				PROVISIONING_PROFILE = "058f4a88-888a-40e2-aac6-6fca39445f0a";
				SDKROOT = iphoneos;
			};
			name = Debug;
		};
		2AE2DAE91ABA85C2007F7026 /* Release */ = {
			isa = XCBuildConfiguration;
			buildSettings = {
				ALWAYS_SEARCH_USER_PATHS = NO;
				CLANG_CXX_LANGUAGE_STANDARD = "gnu++0x";
				CLANG_CXX_LIBRARY = "libc++";
				CLANG_ENABLE_MODULES = YES;
				CLANG_ENABLE_OBJC_ARC = YES;
				CLANG_WARN_BOOL_CONVERSION = YES;
				CLANG_WARN_CONSTANT_CONVERSION = YES;
				CLANG_WARN_DIRECT_OBJC_ISA_USAGE = YES_ERROR;
				CLANG_WARN_EMPTY_BODY = YES;
				CLANG_WARN_ENUM_CONVERSION = YES;
				CLANG_WARN_INT_CONVERSION = YES;
				CLANG_WARN_OBJC_ROOT_CLASS = YES_ERROR;
				CLANG_WARN_UNREACHABLE_CODE = YES;
				CLANG_WARN__DUPLICATE_METHOD_MATCH = YES;
				CODE_SIGN_IDENTITY = "iPhone Distribution: Tsuyoshi Endo (Y7QGWHWRZ7)";
				"CODE_SIGN_IDENTITY[sdk=iphoneos*]" = "iPhone Distribution: Tsuyoshi Endo (Y7QGWHWRZ7)";
				COPY_PHASE_STRIP = NO;
				ENABLE_NS_ASSERTIONS = NO;
				ENABLE_STRICT_OBJC_MSGSEND = YES;
				GCC_C_LANGUAGE_STANDARD = gnu99;
				GCC_PREFIX_HEADER = Labeler/PrefixHeader.pch;
				GCC_WARN_64_TO_32_BIT_CONVERSION = YES;
				GCC_WARN_ABOUT_RETURN_TYPE = YES_ERROR;
				GCC_WARN_UNDECLARED_SELECTOR = YES;
				GCC_WARN_UNINITIALIZED_AUTOS = YES_AGGRESSIVE;
				GCC_WARN_UNUSED_FUNCTION = YES;
				GCC_WARN_UNUSED_VARIABLE = YES;
				IPHONEOS_DEPLOYMENT_TARGET = 8.2;
				MTL_ENABLE_DEBUG_INFO = NO;
				PROVISIONING_PROFILE = "6ce15e4f-b622-4411-9dcd-cf038bc900dd";
				SDKROOT = iphoneos;
				VALIDATE_PRODUCT = YES;
			};
			name = Release;
		};
		2AE2DAEB1ABA85C2007F7026 /* Debug */ = {
			isa = XCBuildConfiguration;
			baseConfigurationReference = 2303FA7BF5A59B64A28921CF /* Pods.debug.xcconfig */;
			buildSettings = {
				ASSETCATALOG_COMPILER_APPICON_NAME = AppIcon;
				FRAMEWORK_SEARCH_PATHS = (
					"$(inherited)",
					"$(PROJECT_DIR)",
				);
				INFOPLIST_FILE = Labeler/Info.plist;
				LD_RUNPATH_SEARCH_PATHS = "$(inherited) @executable_path/Frameworks";
				PRODUCT_NAME = "$(TARGET_NAME)";
				PROVISIONING_PROFILE = "058f4a88-888a-40e2-aac6-6fca39445f0a";
			};
			name = Debug;
		};
		2AE2DAEC1ABA85C2007F7026 /* Release */ = {
			isa = XCBuildConfiguration;
			baseConfigurationReference = 4C03503F093381A2FBDB720C /* Pods.release.xcconfig */;
			buildSettings = {
				ASSETCATALOG_COMPILER_APPICON_NAME = AppIcon;
				FRAMEWORK_SEARCH_PATHS = (
					"$(inherited)",
					"$(PROJECT_DIR)",
				);
				INFOPLIST_FILE = Labeler/Info.plist;
				LD_RUNPATH_SEARCH_PATHS = "$(inherited) @executable_path/Frameworks";
				PRODUCT_NAME = "$(TARGET_NAME)";
				PROVISIONING_PROFILE = "6ce15e4f-b622-4411-9dcd-cf038bc900dd";
			};
			name = Release;
		};
		2AE2DAEE1ABA85C2007F7026 /* Debug */ = {
			isa = XCBuildConfiguration;
			buildSettings = {
				BUNDLE_LOADER = "$(TEST_HOST)";
				CODE_SIGN_IDENTITY = "iPhone Developer";
				"CODE_SIGN_IDENTITY[sdk=iphoneos*]" = "iPhone Developer";
				FRAMEWORK_SEARCH_PATHS = (
					"$(SDKROOT)/Developer/Library/Frameworks",
					"$(inherited)",
				);
				GCC_PREPROCESSOR_DEFINITIONS = (
					"DEBUG=1",
					"$(inherited)",
				);
				INFOPLIST_FILE = LabelerTests/Info.plist;
				LD_RUNPATH_SEARCH_PATHS = "$(inherited) @executable_path/Frameworks @loader_path/Frameworks";
				PRODUCT_NAME = "$(TARGET_NAME)";
				PROVISIONING_PROFILE = "";
				TEST_HOST = "$(BUILT_PRODUCTS_DIR)/Labeler.app/Labeler";
			};
			name = Debug;
		};
		2AE2DAEF1ABA85C2007F7026 /* Release */ = {
			isa = XCBuildConfiguration;
			buildSettings = {
				BUNDLE_LOADER = "$(TEST_HOST)";
				CODE_SIGN_IDENTITY = "iPhone Developer";
				"CODE_SIGN_IDENTITY[sdk=iphoneos*]" = "iPhone Developer";
				FRAMEWORK_SEARCH_PATHS = (
					"$(SDKROOT)/Developer/Library/Frameworks",
					"$(inherited)",
				);
				INFOPLIST_FILE = LabelerTests/Info.plist;
				LD_RUNPATH_SEARCH_PATHS = "$(inherited) @executable_path/Frameworks @loader_path/Frameworks";
				PRODUCT_NAME = "$(TARGET_NAME)";
				PROVISIONING_PROFILE = "";
				TEST_HOST = "$(BUILT_PRODUCTS_DIR)/Labeler.app/Labeler";
			};
			name = Release;
		};
/* End XCBuildConfiguration section */

/* Begin XCConfigurationList section */
		2AE2DAC21ABA85C2007F7026 /* Build configuration list for PBXProject "Labeler" */ = {
			isa = XCConfigurationList;
			buildConfigurations = (
				2AE2DAE81ABA85C2007F7026 /* Debug */,
				2AE2DAE91ABA85C2007F7026 /* Release */,
			);
			defaultConfigurationIsVisible = 0;
			defaultConfigurationName = Release;
		};
		2AE2DAEA1ABA85C2007F7026 /* Build configuration list for PBXNativeTarget "Labeler" */ = {
			isa = XCConfigurationList;
			buildConfigurations = (
				2AE2DAEB1ABA85C2007F7026 /* Debug */,
				2AE2DAEC1ABA85C2007F7026 /* Release */,
			);
			defaultConfigurationIsVisible = 0;
			defaultConfigurationName = Release;
		};
		2AE2DAED1ABA85C2007F7026 /* Build configuration list for PBXNativeTarget "LabelerTests" */ = {
			isa = XCConfigurationList;
			buildConfigurations = (
				2AE2DAEE1ABA85C2007F7026 /* Debug */,
				2AE2DAEF1ABA85C2007F7026 /* Release */,
			);
			defaultConfigurationIsVisible = 0;
			defaultConfigurationName = Release;
		};
/* End XCConfigurationList section */
	};
	rootObject = 2AE2DABF1ABA85C2007F7026 /* Project object */;
}
